{
  "name": "lexical-blog-editor",
  "version": "1.0.0",
  "lockfileVersion": 3,
  "requires": true,
  "packages": {
    "": {
      "name": "lexical-blog-editor",
      "version": "1.0.0",
      "license": "ISC",
      "dependencies": {
        "@lexical/code": "^0.13.0",
        "@lexical/link": "^0.13.0",
        "@lexical/list": "^0.13.0",
        "@lexical/react": "^0.13.0",
        "@lexical/rich-text": "^0.13.0",
        "@lexical/utils": "^0.13.0",
        "lexical": "^0.13.0"
      },
      "devDependencies": {
        "@types/react": "^18.2.0",
        "@types/react-dom": "^18.2.0",
        "react": "^18.2.0",
        "react-dom": "^18.2.0",
        "typescript": "^5.0.0"
      },
      "peerDependencies": {
        "react": "^18.0.0",
        "react-dom": "^18.0.0"
      }
    },
    "node_modules/@babel/runtime": {
      "version": "7.28.4",
      "resolved": "https://registry.npmjs.org/@babel/runtime/-/runtime-7.28.4.tgz",
      "integrity": "sha512-Q/N6JNWvIvPnLDvjlE1OUBLPQHH6l3CltCEsHIujp45zQUSSh8K+gHnaEX45yAT1nyngnINhvWtzN+Nb9D8RAQ==",
      "license": "MIT",
      "engines": {
        "node": ">=6.9.0"
      }
    },
    "node_modules/@lexical/clipboard": {
      "version": "0.13.1",
      "resolved": "https://registry.npmjs.org/@lexical/clipboard/-/clipboard-0.13.1.tgz",
      "integrity": "sha512-gMSbVeqb7S+XAi/EMMlwl+FCurLPugN2jAXcp5k5ZaUd7be8B+iupbYdoKkjt4qBhxmvmfe9k46GoC0QOPl/nw==",
      "license": "MIT",
      "dependencies": {
        "@lexical/html": "0.13.1",
        "@lexical/list": "0.13.1",
        "@lexical/selection": "0.13.1",
        "@lexical/utils": "0.13.1"
      },
      "peerDependencies": {
        "lexical": "0.13.1"
      }
    },
    "node_modules/@lexical/code": {
      "version": "0.13.1",
      "resolved": "https://registry.npmjs.org/@lexical/code/-/code-0.13.1.tgz",
      "integrity": "sha512-QK77r3QgEtJy96ahYXNgpve8EY64BQgBSnPDOuqVrLdl92nPzjqzlsko2OZldlrt7gjXcfl9nqfhZ/CAhStfOg==",
      "license": "MIT",
      "dependencies": {
        "@lexical/utils": "0.13.1",
        "prismjs": "^1.27.0"
      },
      "peerDependencies": {
        "lexical": "0.13.1"
      }
    },
    "node_modules/@lexical/dragon": {
      "version": "0.13.1",
      "resolved": "https://registry.npmjs.org/@lexical/dragon/-/dragon-0.13.1.tgz",
      "integrity": "sha512-aNlqfif4//jW7gOxbBgdrbDovU6m3EwQrUw+Y/vqRkY+sWmloyAUeNwCPH1QP3Q5cvfolzOeN5igfBljsFr+1g==",
      "license": "MIT",
      "peerDependencies": {
        "lexical": "0.13.1"
      }
    },
    "node_modules/@lexical/hashtag": {
      "version": "0.13.1",
      "resolved": "https://registry.npmjs.org/@lexical/hashtag/-/hashtag-0.13.1.tgz",
      "integrity": "sha512-Dl0dUG4ZXNjYYuAUR0GMGpLGsA+cps2/ln3xEmy28bZR0sKkjXugsu2QOIxZjYIPBewDrXzPcvK8md45cMYoSg==",
      "license": "MIT",
      "dependencies": {
        "@lexical/utils": "0.13.1"
      },
      "peerDependencies": {
        "lexical": "0.13.1"
      }
    },
    "node_modules/@lexical/history": {
      "version": "0.13.1",
      "resolved": "https://registry.npmjs.org/@lexical/history/-/history-0.13.1.tgz",
      "integrity": "sha512-cZXt30MalEEiRaflE9tHeGYnwT1xSDjXLsf9M409DSU9POJyZ1fsULJrG1tWv2uFQOhwal33rve9+MatUlITrg==",
      "license": "MIT",
      "dependencies": {
        "@lexical/utils": "0.13.1"
      },
      "peerDependencies": {
        "lexical": "0.13.1"
      }
    },
    "node_modules/@lexical/html": {
      "version": "0.13.1",
      "resolved": "https://registry.npmjs.org/@lexical/html/-/html-0.13.1.tgz",
      "integrity": "sha512-XkZrnCSHIUavtpMol6aG8YsJ5KqC9hMxEhAENf3HTGi3ocysCByyXOyt1EhEYpjJvgDG4wRqt25xGDbLjj1/sA==",
      "license": "MIT",
      "dependencies": {
        "@lexical/selection": "0.13.1",
        "@lexical/utils": "0.13.1"
      },
      "peerDependencies": {
        "lexical": "0.13.1"
      }
    },
    "node_modules/@lexical/link": {
      "version": "0.13.1",
      "resolved": "https://registry.npmjs.org/@lexical/link/-/link-0.13.1.tgz",
      "integrity": "sha512-7E3B2juL2UoMj2n+CiyFZ7tlpsdViAoIE7MpegXwfe/VQ66wFwk/VxGTa/69ng2EoF7E0kh+SldvGQDrWAWb1g==",
      "license": "MIT",
      "dependencies": {
        "@lexical/utils": "0.13.1"
      },
      "peerDependencies": {
        "lexical": "0.13.1"
      }
    },
    "node_modules/@lexical/list": {
      "version": "0.13.1",
      "resolved": "https://registry.npmjs.org/@lexical/list/-/list-0.13.1.tgz",
      "integrity": "sha512-6U1pmNZcKLuOWiWRML8Raf9zSEuUCMlsOye82niyF6I0rpPgYo5UFghAAbGISDsyqzM1B2L4BgJ6XrCk/dJptg==",
      "license": "MIT",
      "dependencies": {
        "@lexical/utils": "0.13.1"
      },
      "peerDependencies": {
        "lexical": "0.13.1"
      }
    },
    "node_modules/@lexical/mark": {
      "version": "0.13.1",
      "resolved": "https://registry.npmjs.org/@lexical/mark/-/mark-0.13.1.tgz",
      "integrity": "sha512-dW27PW8wWDOKFqXTBUuUfV+umU0KfwvXGkPUAxRJrvwUWk5RKaS48LhgbNlQ5BfT84Q8dSiQzvbaa6T40t9a3A==",
      "license": "MIT",
      "dependencies": {
        "@lexical/utils": "0.13.1"
      },
      "peerDependencies": {
        "lexical": "0.13.1"
      }
    },
    "node_modules/@lexical/markdown": {
      "version": "0.13.1",
      "resolved": "https://registry.npmjs.org/@lexical/markdown/-/markdown-0.13.1.tgz",
      "integrity": "sha512-6tbdme2h5Zy/M88loVQVH5G0Nt7VMR9UUkyiSaicyBRDOU2OHacaXEp+KSS/XuF+d7TA+v/SzyDq8HS77cO1wA==",
      "license": "MIT",
      "dependencies": {
        "@lexical/code": "0.13.1",
        "@lexical/link": "0.13.1",
        "@lexical/list": "0.13.1",
        "@lexical/rich-text": "0.13.1",
        "@lexical/text": "0.13.1",
        "@lexical/utils": "0.13.1"
      },
      "peerDependencies": {
        "lexical": "0.13.1"
      }
    },
    "node_modules/@lexical/offset": {
      "version": "0.13.1",
      "resolved": "https://registry.npmjs.org/@lexical/offset/-/offset-0.13.1.tgz",
      "integrity": "sha512-j/RZcztJ7dyTrfA2+C3yXDzWDXV+XmMpD5BYeQCEApaHvlo20PHt1BISk7RcrnQW8PdzGvpKblRWf//c08LS9w==",
      "license": "MIT",
      "peerDependencies": {
        "lexical": "0.13.1"
      }
    },
    "node_modules/@lexical/overflow": {
      "version": "0.13.1",
      "resolved": "https://registry.npmjs.org/@lexical/overflow/-/overflow-0.13.1.tgz",
      "integrity": "sha512-Uw34j+qG2UJRCIR+bykfFMduFk7Pc4r/kNt8N1rjxGuGXAsreTVch1iOhu7Ev6tJgkURsduKuaJCAi7iHnKl7g==",
      "license": "MIT",
      "peerDependencies": {
        "lexical": "0.13.1"
      }
    },
    "node_modules/@lexical/plain-text": {
      "version": "0.13.1",
      "resolved": "https://registry.npmjs.org/@lexical/plain-text/-/plain-text-0.13.1.tgz",
      "integrity": "sha512-4j5KAsMKUvJ8LhVDSS4zczbYXzdfmgYSAVhmqpSnJtud425Nk0TAfpUBLFoivxZB7KMoT1LGWQZvd47IvJPvtA==",
      "license": "MIT",
      "peerDependencies": {
        "@lexical/clipboard": "0.13.1",
        "@lexical/selection": "0.13.1",
        "@lexical/utils": "0.13.1",
        "lexical": "0.13.1"
      }
    },
    "node_modules/@lexical/react": {
      "version": "0.13.1",
      "resolved": "https://registry.npmjs.org/@lexical/react/-/react-0.13.1.tgz",
      "integrity": "sha512-Sy6EL230KAb0RZsZf1dZrRrc3+rvCDQWltcd8C/cqBUYlxsLYCW9s4f3RB2werngD/PtLYbBB48SYXNkIALITA==",
      "license": "MIT",
      "dependencies": {
        "@lexical/clipboard": "0.13.1",
        "@lexical/code": "0.13.1",
        "@lexical/dragon": "0.13.1",
        "@lexical/hashtag": "0.13.1",
        "@lexical/history": "0.13.1",
        "@lexical/link": "0.13.1",
        "@lexical/list": "0.13.1",
        "@lexical/mark": "0.13.1",
        "@lexical/markdown": "0.13.1",
        "@lexical/overflow": "0.13.1",
        "@lexical/plain-text": "0.13.1",
        "@lexical/rich-text": "0.13.1",
        "@lexical/selection": "0.13.1",
        "@lexical/table": "0.13.1",
        "@lexical/text": "0.13.1",
        "@lexical/utils": "0.13.1",
        "@lexical/yjs": "0.13.1",
        "react-error-boundary": "^3.1.4"
      },
      "peerDependencies": {
        "lexical": "0.13.1",
        "react": ">=17.x",
        "react-dom": ">=17.x"
      }
    },
    "node_modules/@lexical/rich-text": {
      "version": "0.13.1",
      "resolved": "https://registry.npmjs.org/@lexical/rich-text/-/rich-text-0.13.1.tgz",
      "integrity": "sha512-HliB9Ync06mv9DBg/5j0lIsTJp+exLHlaLJe+n8Zq1QNTzZzu2LsIT/Crquk50In7K/cjtlaQ/d5RB0LkjMHYg==",
      "license": "MIT",
      "peerDependencies": {
        "@lexical/clipboard": "0.13.1",
        "@lexical/selection": "0.13.1",
        "@lexical/utils": "0.13.1",
        "lexical": "0.13.1"
      }
    },
    "node_modules/@lexical/selection": {
      "version": "0.13.1",
      "resolved": "https://registry.npmjs.org/@lexical/selection/-/selection-0.13.1.tgz",
      "integrity": "sha512-Kt9eSwjxPznj7yzIYipu9yYEgmRJhHiq3DNxHRxInYcZJWWNNHum2xKyxwwcN8QYBBzgfPegfM/geqQEJSV1lQ==",
      "license": "MIT",
      "peerDependencies": {
        "lexical": "0.13.1"
      }
    },
    "node_modules/@lexical/table": {
      "version": "0.13.1",
      "resolved": "https://registry.npmjs.org/@lexical/table/-/table-0.13.1.tgz",
      "integrity": "sha512-VQzgkfkEmnvn6C64O/kvl0HI3bFoBh3WA/U67ALw+DS11Mb5CKjbt0Gzm/258/reIxNMpshjjicpWMv9Miwauw==",
      "license": "MIT",
      "dependencies": {
        "@lexical/utils": "0.13.1"
      },
      "peerDependencies": {
        "lexical": "0.13.1"
      }
    },
    "node_modules/@lexical/text": {
      "version": "0.13.1",
      "resolved": "https://registry.npmjs.org/@lexical/text/-/text-0.13.1.tgz",
      "integrity": "sha512-NYy3TZKt3qzReDwN2Rr5RxyFlg84JjXP2JQGMrXSSN7wYe73ysQIU6PqdVrz4iZkP+w34F3pl55dJ24ei3An9w==",
      "license": "MIT",
      "peerDependencies": {
        "lexical": "0.13.1"
      }
    },
    "node_modules/@lexical/utils": {
      "version": "0.13.1",
      "resolved": "https://registry.npmjs.org/@lexical/utils/-/utils-0.13.1.tgz",
      "integrity": "sha512-AtQQKzYymkbOaQxaBXjRBS8IPxF9zWQnqwHTUTrJqJ4hX71aIQd/thqZbfQETAFJfC8pNBZw5zpxN6yPHk23dQ==",
      "license": "MIT",
      "dependencies": {
        "@lexical/list": "0.13.1",
        "@lexical/selection": "0.13.1",
        "@lexical/table": "0.13.1"
      },
      "peerDependencies": {
        "lexical": "0.13.1"
      }
    },
    "node_modules/@lexical/yjs": {
      "version": "0.13.1",
      "resolved": "https://registry.npmjs.org/@lexical/yjs/-/yjs-0.13.1.tgz",
      "integrity": "sha512-4GbqQM+PwNTV59AZoNrfTe/0rLjs+cX6Y6yAdZSRPBwr5L3JzYeU1TTcFCVQTtsE7KF8ddVP8sD7w9pi8rOWLA==",
      "license": "MIT",
      "dependencies": {
        "@lexical/offset": "0.13.1"
      },
      "peerDependencies": {
        "lexical": "0.13.1",
        "yjs": ">=13.5.22"
      }
    },
    "node_modules/@types/prop-types": {
      "version": "15.7.15",
      "resolved": "https://registry.npmjs.org/@types/prop-types/-/prop-types-15.7.15.tgz",
      "integrity": "sha512-F6bEyamV9jKGAFBEmlQnesRPGOQqS2+Uwi0Em15xenOxHaf2hv6L8YCVn3rPdPJOiJfPiCnLIRyvwVaqMY3MIw==",
      "dev": true,
      "license": "MIT"
    },
    "node_modules/@types/react": {
      "version": "18.3.27",
      "resolved": "https://registry.npmjs.org/@types/react/-/react-18.3.27.tgz",
      "integrity": "sha512-cisd7gxkzjBKU2GgdYrTdtQx1SORymWyaAFhaxQPK9bYO9ot3Y5OikQRvY0VYQtvwjeQnizCINJAenh/V7MK2w==",
      "dev": true,
      "license": "MIT",
      "dependencies": {
        "@types/prop-types": "*",
        "csstype": "^3.2.2"
      }
    },
    "node_modules/@types/react-dom": {
      "version": "18.3.7",
      "resolved": "https://registry.npmjs.org/@types/react-dom/-/react-dom-18.3.7.tgz",
      "integrity": "sha512-MEe3UeoENYVFXzoXEWsvcpg6ZvlrFNlOQ7EOsvhI3CfAXwzPfO8Qwuxd40nepsYKqyyVQnTdEfv68q91yLcKrQ==",
      "dev": true,
      "license": "MIT",
      "peerDependencies": {
        "@types/react": "^18.0.0"
      }
    },
    "node_modules/csstype": {
      "version": "3.2.3",
      "resolved": "https://registry.npmjs.org/csstype/-/csstype-3.2.3.tgz",
      "integrity": "sha512-z1HGKcYy2xA8AGQfwrn0PAy+PB7X/GSj3UVJW9qKyn43xWa+gl5nXmU4qqLMRzWVLFC8KusUX8T/0kCiOYpAIQ==",
      "dev": true,
      "license": "MIT"
    },
    "node_modules/isomorphic.js": {
      "version": "0.2.5",
      "resolved": "https://registry.npmjs.org/isomorphic.js/-/isomorphic.js-0.2.5.tgz",
      "integrity": "sha512-PIeMbHqMt4DnUP3MA/Flc0HElYjMXArsw1qwJZcm9sqR8mq3l8NYizFMty0pWwE/tzIGH3EKK5+jes5mAr85yw==",
      "license": "MIT",
      "peer": true,
      "funding": {
        "type": "GitHub Sponsors ❤",
        "url": "https://github.com/sponsors/dmonad"
      }
    },
    "node_modules/js-tokens": {
      "version": "4.0.0",
      "resolved": "https://registry.npmjs.org/js-tokens/-/js-tokens-4.0.0.tgz",
      "integrity": "sha512-RdJUflcE3cUzKiMqQgsCu06FPu9UdIJO0beYbPhHN4k6apgJtifcoCtT9bcxOpYBtpD2kCM6Sbzg4CausW/PKQ==",
      "license": "MIT"
    },
    "node_modules/lexical": {
      "version": "0.13.1",
      "resolved": "https://registry.npmjs.org/lexical/-/lexical-0.13.1.tgz",
      "integrity": "sha512-jaqRYzVEfBKbX4FwYpd/g+MyOjRaraAel0iQsTrwvx3hyN0bswUZuzb6H6nGlFSjcdrc77wKpyKwoWj4aUd+Bw==",
      "license": "MIT"
    },
    "node_modules/lib0": {
      "version": "0.2.117",
      "resolved": "https://registry.npmjs.org/lib0/-/lib0-0.2.117.tgz",
      "integrity": "sha512-DeXj9X5xDCjgKLU/7RR+/HQEVzuuEUiwldwOGsHK/sfAfELGWEyTcf0x+uOvCvK3O2zPmZePXWL85vtia6GyZw==",
      "license": "MIT",
      "peer": true,
      "dependencies": {
        "isomorphic.js": "^0.2.4"
      },
      "bin": {
        "0ecdsa-generate-keypair": "bin/0ecdsa-generate-keypair.js",
        "0gentesthtml": "bin/gentesthtml.js",
        "0serve": "bin/0serve.js"
      },
      "engines": {
        "node": ">=16"
      },
      "funding": {
        "type": "GitHub Sponsors ❤",
        "url": "https://github.com/sponsors/dmonad"
      }
    },
    "node_modules/loose-envify": {
      "version": "1.4.0",
      "resolved": "https://registry.npmjs.org/loose-envify/-/loose-envify-1.4.0.tgz",
      "integrity": "sha512-lyuxPGr/Wfhrlem2CL/UcnUc1zcqKAImBDzukY7Y5F/yQiNdko6+fRLevlw1HgMySw7f611UIY408EtxRSoK3Q==",
      "license": "MIT",
      "dependencies": {
        "js-tokens": "^3.0.0 || ^4.0.0"
      },
      "bin": {
        "loose-envify": "cli.js"
      }
    },
    "node_modules/prismjs": {
      "version": "1.30.0",
      "resolved": "https://registry.npmjs.org/prismjs/-/prismjs-1.30.0.tgz",
      "integrity": "sha512-DEvV2ZF2r2/63V+tK8hQvrR2ZGn10srHbXviTlcv7Kpzw8jWiNTqbVgjO3IY8RxrrOUF8VPMQQFysYYYv0YZxw==",
      "license": "MIT",
      "engines": {
        "node": ">=6"
      }
    },
    "node_modules/react": {
      "version": "18.3.1",
      "resolved": "https://registry.npmjs.org/react/-/react-18.3.1.tgz",
      "integrity": "sha512-wS+hAgJShR0KhEvPJArfuPVN1+Hz1t0Y6n5jLrGQbkb4urgPE/0Rve+1kMB1v/oWgHgm4WIcV+i7F2pTVj+2iQ==",
      "license": "MIT",
      "dependencies": {
        "loose-envify": "^1.1.0"
      },
      "engines": {
        "node": ">=0.10.0"
      }
    },
    "node_modules/react-dom": {
      "version": "18.3.1",
      "resolved": "https://registry.npmjs.org/react-dom/-/react-dom-18.3.1.tgz",
      "integrity": "sha512-5m4nQKp+rZRb09LNH59GM4BxTh9251/ylbKIbpe7TpGxfJ+9kv6BLkLBXIjjspbgbnIBNqlI23tRnTWT0snUIw==",
      "license": "MIT",
      "dependencies": {
        "loose-envify": "^1.1.0",
        "scheduler": "^0.23.2"
      },
      "peerDependencies": {
        "react": "^18.3.1"
      }
    },
    "node_modules/react-error-boundary": {
      "version": "3.1.4",
      "resolved": "https://registry.npmjs.org/react-error-boundary/-/react-error-boundary-3.1.4.tgz",
      "integrity": "sha512-uM9uPzZJTF6wRQORmSrvOIgt4lJ9MC1sNgEOj2XGsDTRE4kmpWxg7ENK9EWNKJRMAOY9z0MuF4yIfl6gp4sotA==",
      "license": "MIT",
      "dependencies": {
        "@babel/runtime": "^7.12.5"
      },
      "engines": {
        "node": ">=10",
        "npm": ">=6"
      },
      "peerDependencies": {
        "react": ">=16.13.1"
      }
    },
    "node_modules/scheduler": {
      "version": "0.23.2",
      "resolved": "https://registry.npmjs.org/scheduler/-/scheduler-0.23.2.tgz",
      "integrity": "sha512-UOShsPwz7NrMUqhR6t0hWjFduvOzbtv7toDH1/hIrfRNIDBnnBWd0CwJTGvTpngVlmwGCdP9/Zl/tVrDqcuYzQ==",
      "license": "MIT",
      "dependencies": {
        "loose-envify": "^1.1.0"
      }
    },
    "node_modules/typescript": {
      "version": "5.9.3",
      "resolved": "https://registry.npmjs.org/typescript/-/typescript-5.9.3.tgz",
      "integrity": "sha512-jl1vZzPDinLr9eUt3J/t7V6FgNEw9QjvBPdysz9KfQDD41fQrC2Y4vKQdiaUpFT4bXlb1RHhLpp8wtm6M5TgSw==",
      "dev": true,
      "license": "Apache-2.0",
      "bin": {
        "tsc": "bin/tsc",
        "tsserver": "bin/tsserver"
      },
      "engines": {
        "node": ">=14.17"
      }
    },
    "node_modules/yjs": {
      "version": "13.6.29",
      "resolved": "https://registry.npmjs.org/yjs/-/yjs-13.6.29.tgz",
      "integrity": "sha512-kHqDPdltoXH+X4w1lVmMtddE3Oeqq48nM40FD5ojTd8xYhQpzIDcfE2keMSU5bAgRPJBe225WTUdyUgj1DtbiQ==",
      "license": "MIT",
      "peer": true,
      "dependencies": {
        "lib0": "^0.2.99"
      },
      "engines": {
        "node": ">=16.0.0",
        "npm": ">=8.0.0"
      },
      "funding": {
        "type": "GitHub Sponsors ❤",
        "url": "https://github.com/sponsors/dmonad"
      }
    }
  }
}
